{
  "nodes": {
    "dwarffs": {
      "inputs": {
        "nix": "nix",
        "nixpkgs": [
          "nixos",
          "dwarffs",
          "nix",
          "nixpkgs"
        ]
      },
      "locked": {
        "lastModified": 1611240086,
        "narHash": "sha256-kKztk0DFiSZs4T/HbtdeLpU4mYTMAOL3yNHMMM2bebI=",
        "type": "git",
        "url": "file:///home/nwg/project/dwarffs"
      },
      "original": {
        "type": "git",
        "url": "file:///home/nwg/project/dwarffs"
      }
    },
    "lowdown-src": {
      "flake": false,
      "locked": {
        "lastModified": 1617481909,
        "narHash": "sha256-SqnfOFuLuVRRNeVJr1yeEPJue/qWoCp5N6o5Kr///p4=",
        "owner": "kristapsdz",
        "repo": "lowdown",
        "rev": "148f9b2f586c41b7e36e73009db43ea68c7a1a4d",
        "type": "github"
      },
      "original": {
        "owner": "kristapsdz",
        "ref": "VERSION_0_8_4",
        "repo": "lowdown",
        "type": "github"
      }
    },
    "lowdown-src_2": {
      "flake": false,
      "locked": {
        "lastModified": 1617481909,
        "narHash": "sha256-SqnfOFuLuVRRNeVJr1yeEPJue/qWoCp5N6o5Kr///p4=",
        "owner": "kristapsdz",
        "repo": "lowdown",
        "rev": "148f9b2f586c41b7e36e73009db43ea68c7a1a4d",
        "type": "github"
      },
      "original": {
        "owner": "kristapsdz",
        "ref": "VERSION_0_8_4",
        "repo": "lowdown",
        "type": "github"
      }
    },
    "nix": {
      "inputs": {
        "lowdown-src": "lowdown-src",
        "nixpkgs": "nixpkgs"
      },
      "locked": {
        "lastModified": 1626104132,
        "narHash": "sha256-kQvfqOxwF0Vg+YP0UhJmvnUGFc5SVW+GGxSUFWoYzjs=",
        "owner": "NixOS",
        "repo": "nix",
        "rev": "099df07e1ee1663a9176384071f61a19b0f5686c",
        "type": "github"
      },
      "original": {
        "id": "nix",
        "type": "indirect"
      }
    },
    "nix_2": {
      "inputs": {
        "lowdown-src": "lowdown-src_2",
        "nixpkgs": "nixpkgs_2"
      },
      "locked": {
        "lastModified": 1626211675,
        "narHash": "sha256-4a1rH5N7IQF61QG7SoS8bYKec9X1z7IcF0f3Tcc0eHw=",
        "owner": "NixOS",
        "repo": "nix",
        "rev": "bee71d692a10c9fcdc78f589945b9710f676cefb",
        "type": "github"
      },
      "original": {
        "owner": "NixOS",
        "repo": "nix",
        "type": "github"
      }
    },
    "nixos": {
      "inputs": {
        "dwarffs": "dwarffs",
        "nix": "nix_2",
        "nixpkgs": "nixpkgs_3"
      },
      "locked": {
        "lastModified": 1626220498,
        "narHash": "sha256-f4IFFztIPZLGbSE9Rm2HS3LX4oSEQZblngKb1P5S53E=",
        "type": "git",
        "url": "file:///home/nwg/project/flake-hierarchy-test-target-1"
      },
      "original": {
        "type": "git",
        "url": "file:///home/nwg/project/flake-hierarchy-test-target-1"
      }
    },
    "nixpkgs": {
      "locked": {
        "lastModified": 1624862269,
        "narHash": "sha256-JFcsh2+7QtfKdJFoPibLFPLgIW6Ycnv8Bts9a7RYme0=",
        "owner": "NixOS",
        "repo": "nixpkgs",
        "rev": "f77036342e2b690c61c97202bf48f2ce13acc022",
        "type": "github"
      },
      "original": {
        "id": "nixpkgs",
        "ref": "nixos-21.05-small",
        "type": "indirect"
      }
    },
    "nixpkgs_2": {
      "locked": {
        "lastModified": 1624862269,
        "narHash": "sha256-JFcsh2+7QtfKdJFoPibLFPLgIW6Ycnv8Bts9a7RYme0=",
        "owner": "NixOS",
        "repo": "nixpkgs",
        "rev": "f77036342e2b690c61c97202bf48f2ce13acc022",
        "type": "github"
      },
      "original": {
        "id": "nixpkgs",
        "ref": "nixos-21.05-small",
        "type": "indirect"
      }
    },
    "nixpkgs_3": {
      "locked": {
        "lastModified": 1626220638,
        "narHash": "sha256-dq+2kdZlPRcuGllM8o/EGNb+Xwvfui14kwKnRix8hhw=",
        "owner": "NixOS",
        "repo": "nixpkgs",
        "rev": "5fa835b33c0a2ff32f12e8f0311d788a53512cec",
        "type": "github"
      },
      "original": {
        "id": "nixpkgs",
        "type": "indirect"
      }
    },
    "root": {
      "inputs": {
        "nixos": "nixos"
      }
    }
  },
  "root": "root",
  "version": 7
}
